
Microsoft Visual Studio Solution File, Format Version 12.00
# Visual Studio 15
VisualStudioVersion = 15.0.27130.2003
MinimumVisualStudioVersion = 10.0.40219.1
Project("{FAE04EC0-301F-11D3-BF4B-00C04F79EFBC}") = "Task_App", "Task_App\Task_App.csproj", "{B78B6640-B44D-40CB-BEF8-40D343C804F4}"
EndProject
Project("{FAE04EC0-301F-11D3-BF4B-00C04F79EFBC}") = "TaskTwo_App", "TaskTwo_App\TaskTwo_App.csproj", "{0400CCE0-02AE-456C-BD83-3445ED01621B}"
EndProject
Project("{FAE04EC0-301F-11D3-BF4B-00C04F79EFBC}") = "TaskTwoPart1_App", "TaskTwoPart1_App\TaskTwoPart1_App.csproj", "{EDB2BFDA-7F43-429A-8454-58713EAF3898}"
EndProject
Global
	GlobalSection(SolutionConfigurationPlatforms) = preSolution
		Debug|Any CPU = Debug|Any CPU
		Release|Any CPU = Release|Any CPU
	EndGlobalSection
	GlobalSection(ProjectConfigurationPlatforms) = postSolution
		{B78B6640-B44D-40CB-BEF8-40D343C804F4}.Debug|Any CPU.ActiveCfg = Debug|Any CPU
		{B78B6640-B44D-40CB-BEF8-40D343C804F4}.Debug|Any CPU.Build.0 = Debug|Any CPU
		{B78B6640-B44D-40CB-BEF8-40D343C804F4}.Release|Any CPU.ActiveCfg = Release|Any CPU
		{B78B6640-B44D-40CB-BEF8-40D343C804F4}.Release|Any CPU.Build.0 = Release|Any CPU
		{0400CCE0-02AE-456C-BD83-3445ED01621B}.Debug|Any CPU.ActiveCfg = Debug|Any CPU
		{0400CCE0-02AE-456C-BD83-3445ED01621B}.Debug|Any CPU.Build.0 = Debug|Any CPU
		{0400CCE0-02AE-456C-BD83-3445ED01621B}.Release|Any CPU.ActiveCfg = Release|Any CPU
		{0400CCE0-02AE-456C-BD83-3445ED01621B}.Release|Any CPU.Build.0 = Release|Any CPU
		{EDB2BFDA-7F43-429A-8454-58713EAF3898}.Debug|Any CPU.ActiveCfg = Debug|Any CPU
		{EDB2BFDA-7F43-429A-8454-58713EAF3898}.Debug|Any CPU.Build.0 = Debug|Any CPU
		{EDB2BFDA-7F43-429A-8454-58713EAF3898}.Release|Any CPU.ActiveCfg = Release|Any CPU
		{EDB2BFDA-7F43-429A-8454-58713EAF3898}.Release|Any CPU.Build.0 = Release|Any CPU
	EndGlobalSection
	GlobalSection(SolutionProperties) = preSolution
		HideSolutionNode = FALSE
	EndGlobalSection
	GlobalSection(ExtensibilityGlobals) = postSolution
		SolutionGuid = {3D5CD636-9E08-4AF5-997C-81E26687D3EB}
	EndGlobalSection
EndGlobal
